// !$*UTF8*$!
{
	archiveVersion = 1;
	classes = {
	};
	objectVersion = 56;
	objects = {

/* Begin PBXBuildFile section */
		2817D60529C4C54C001D8307 /* BackbaseNetworking.xcframework in Frameworks */ = {isa = PBXBuildFile; fileRef = 2817D60429C4C54C001D8307 /* BackbaseNetworking.xcframework */; };
		2817D60629C4C54C001D8307 /* BackbaseNetworking.xcframework in Embed Frameworks */ = {isa = PBXBuildFile; fileRef = 2817D60429C4C54C001D8307 /* BackbaseNetworking.xcframework */; settings = {ATTRIBUTES = (CodeSignOnCopy, RemoveHeadersOnCopy, ); }; };
		28257F6B295DC3AF008A886B /* AppDelegate.swift in Sources */ = {isa = PBXBuildFile; fileRef = 28257F6A295DC3AF008A886B /* AppDelegate.swift */; };
		28257F6D295DC3AF008A886B /* SceneDelegate.swift in Sources */ = {isa = PBXBuildFile; fileRef = 28257F6C295DC3AF008A886B /* SceneDelegate.swift */; };
		28257F6F295DC3AF008A886B /* TransactionsListViewController.swift in Sources */ = {isa = PBXBuildFile; fileRef = 28257F6E295DC3AF008A886B /* TransactionsListViewController.swift */; };
		28257F72295DC3AF008A886B /* Main.storyboard in Resources */ = {isa = PBXBuildFile; fileRef = 28257F70295DC3AF008A886B /* Main.storyboard */; };
		28257F74295DC3B0008A886B /* Assets.xcassets in Resources */ = {isa = PBXBuildFile; fileRef = 28257F73295DC3B0008A886B /* Assets.xcassets */; };
		28257F77295DC3B0008A886B /* LaunchScreen.storyboard in Resources */ = {isa = PBXBuildFile; fileRef = 28257F75295DC3B0008A886B /* LaunchScreen.storyboard */; };
		28257F82295DC3B0008A886B /* TransactionsTests.swift in Sources */ = {isa = PBXBuildFile; fileRef = 28257F81295DC3B0008A886B /* TransactionsTests.swift */; };
		28257F8C295DC3B0008A886B /* TransactionsUITests.swift in Sources */ = {isa = PBXBuildFile; fileRef = 28257F8B295DC3B0008A886B /* TransactionsUITests.swift */; };
		28257F8E295DC3B0008A886B /* TransactionsUITestsLaunchTests.swift in Sources */ = {isa = PBXBuildFile; fileRef = 28257F8D295DC3B0008A886B /* TransactionsUITestsLaunchTests.swift */; };
		28C17E2D29DDADF3006162F9 /* BackbaseMDS.xcframework in Frameworks */ = {isa = PBXBuildFile; fileRef = 28C17E2C29DDADF2006162F9 /* BackbaseMDS.xcframework */; };
		28C17E2E29DDADF3006162F9 /* BackbaseMDS.xcframework in Embed Frameworks */ = {isa = PBXBuildFile; fileRef = 28C17E2C29DDADF2006162F9 /* BackbaseMDS.xcframework */; settings = {ATTRIBUTES = (CodeSignOnCopy, RemoveHeadersOnCopy, ); }; };
		28ED80B6295DDDE300AB525C /* README.md in Resources */ = {isa = PBXBuildFile; fileRef = 28ED80B5295DDDE300AB525C /* README.md */; };
		CD88E0DE2CC0E5C0001261FE /* TransactionsTableSectionHeaderView.swift in Sources */ = {isa = PBXBuildFile; fileRef = CD88E0DD2CC0E5C0001261FE /* TransactionsTableSectionHeaderView.swift */; };
		CD88E0E02CC0E613001261FE /* TransactionsListViewModel.swift in Sources */ = {isa = PBXBuildFile; fileRef = CD88E0DF2CC0E613001261FE /* TransactionsListViewModel.swift */; };
		CD88E0E22CC0E65B001261FE /* TransactionCellViewModel.swift in Sources */ = {isa = PBXBuildFile; fileRef = CD88E0E12CC0E65B001261FE /* TransactionCellViewModel.swift */; };
		CDC7AF262CBD61780022C4A4 /* TransactionCell.swift in Sources */ = {isa = PBXBuildFile; fileRef = CDC7AF252CBD61780022C4A4 /* TransactionCell.swift */; };
		CDC7AF2A2CBD947A0022C4A4 /* Transaction.swift in Sources */ = {isa = PBXBuildFile; fileRef = CDC7AF292CBD947A0022C4A4 /* Transaction.swift */; };
/* End PBXBuildFile section */

/* Begin PBXContainerItemProxy section */
		28257F7E295DC3B0008A886B /* PBXContainerItemProxy */ = {
			isa = PBXContainerItemProxy;
			containerPortal = 28257F5F295DC3AF008A886B /* Project object */;
			proxyType = 1;
			remoteGlobalIDString = 28257F66295DC3AF008A886B;
			remoteInfo = Transactions;
		};
		28257F88295DC3B0008A886B /* PBXContainerItemProxy */ = {
			isa = PBXContainerItemProxy;
			containerPortal = 28257F5F295DC3AF008A886B /* Project object */;
			proxyType = 1;
			remoteGlobalIDString = 28257F66295DC3AF008A886B;
			remoteInfo = Transactions;
		};
/* End PBXContainerItemProxy section */

/* Begin PBXCopyFilesBuildPhase section */
		2817D5F529BB43CC001D8307 /* Embed Frameworks */ = {
			isa = PBXCopyFilesBuildPhase;
			buildActionMask = 2147483647;
			dstPath = "";
			dstSubfolderSpec = 10;
			files = (
				28C17E2E29DDADF3006162F9 /* BackbaseMDS.xcframework in Embed Frameworks */,
				2817D60629C4C54C001D8307 /* BackbaseNetworking.xcframework in Embed Frameworks */,
			);
			name = "Embed Frameworks";
			runOnlyForDeploymentPostprocessing = 0;
		};
/* End PBXCopyFilesBuildPhase section */

/* Begin PBXFileReference section */
		2817D60429C4C54C001D8307 /* BackbaseNetworking.xcframework */ = {isa = PBXFileReference; lastKnownFileType = wrapper.xcframework; name = BackbaseNetworking.xcframework; path = BackbaseNetworking/BackbaseNetworking.xcframework; sourceTree = "<group>"; };
		28257F67295DC3AF008A886B /* Transactions.app */ = {isa = PBXFileReference; explicitFileType = wrapper.application; includeInIndex = 0; path = Transactions.app; sourceTree = BUILT_PRODUCTS_DIR; };
		28257F6A295DC3AF008A886B /* AppDelegate.swift */ = {isa = PBXFileReference; lastKnownFileType = sourcecode.swift; path = AppDelegate.swift; sourceTree = "<group>"; };
		28257F6C295DC3AF008A886B /* SceneDelegate.swift */ = {isa = PBXFileReference; lastKnownFileType = sourcecode.swift; path = SceneDelegate.swift; sourceTree = "<group>"; };
		28257F6E295DC3AF008A886B /* TransactionsListViewController.swift */ = {isa = PBXFileReference; lastKnownFileType = sourcecode.swift; path = TransactionsListViewController.swift; sourceTree = "<group>"; };
		28257F71295DC3AF008A886B /* Base */ = {isa = PBXFileReference; lastKnownFileType = file.storyboard; name = Base; path = Base.lproj/Main.storyboard; sourceTree = "<group>"; };
		28257F73295DC3B0008A886B /* Assets.xcassets */ = {isa = PBXFileReference; lastKnownFileType = folder.assetcatalog; path = Assets.xcassets; sourceTree = "<group>"; };
		28257F76295DC3B0008A886B /* Base */ = {isa = PBXFileReference; lastKnownFileType = file.storyboard; name = Base; path = Base.lproj/LaunchScreen.storyboard; sourceTree = "<group>"; };
		28257F78295DC3B0008A886B /* Info.plist */ = {isa = PBXFileReference; lastKnownFileType = text.plist.xml; path = Info.plist; sourceTree = "<group>"; };
		28257F7D295DC3B0008A886B /* TransactionsTests.xctest */ = {isa = PBXFileReference; explicitFileType = wrapper.cfbundle; includeInIndex = 0; path = TransactionsTests.xctest; sourceTree = BUILT_PRODUCTS_DIR; };
		28257F81295DC3B0008A886B /* TransactionsTests.swift */ = {isa = PBXFileReference; lastKnownFileType = sourcecode.swift; path = TransactionsTests.swift; sourceTree = "<group>"; };
		28257F87295DC3B0008A886B /* TransactionsUITests.xctest */ = {isa = PBXFileReference; explicitFileType = wrapper.cfbundle; includeInIndex = 0; path = TransactionsUITests.xctest; sourceTree = BUILT_PRODUCTS_DIR; };
		28257F8B295DC3B0008A886B /* TransactionsUITests.swift */ = {isa = PBXFileReference; lastKnownFileType = sourcecode.swift; path = TransactionsUITests.swift; sourceTree = "<group>"; };
		28257F8D295DC3B0008A886B /* TransactionsUITestsLaunchTests.swift */ = {isa = PBXFileReference; lastKnownFileType = sourcecode.swift; path = TransactionsUITestsLaunchTests.swift; sourceTree = "<group>"; };
		28C17E2C29DDADF2006162F9 /* BackbaseMDS.xcframework */ = {isa = PBXFileReference; lastKnownFileType = wrapper.xcframework; name = BackbaseMDS.xcframework; path = BackbaseMDS/BackbaseMDS.xcframework; sourceTree = "<group>"; };
		28ED80B5295DDDE300AB525C /* README.md */ = {isa = PBXFileReference; fileEncoding = 4; lastKnownFileType = net.daringfireball.markdown; path = README.md; sourceTree = "<group>"; };
		CD88E0DD2CC0E5C0001261FE /* TransactionsTableSectionHeaderView.swift */ = {isa = PBXFileReference; lastKnownFileType = sourcecode.swift; path = TransactionsTableSectionHeaderView.swift; sourceTree = "<group>"; };
		CD88E0DF2CC0E613001261FE /* TransactionsListViewModel.swift */ = {isa = PBXFileReference; lastKnownFileType = sourcecode.swift; path = TransactionsListViewModel.swift; sourceTree = "<group>"; };
		CD88E0E12CC0E65B001261FE /* TransactionCellViewModel.swift */ = {isa = PBXFileReference; lastKnownFileType = sourcecode.swift; path = TransactionCellViewModel.swift; sourceTree = "<group>"; };
		CDC7AF252CBD61780022C4A4 /* TransactionCell.swift */ = {isa = PBXFileReference; lastKnownFileType = sourcecode.swift; path = TransactionCell.swift; sourceTree = "<group>"; };
		CDC7AF292CBD947A0022C4A4 /* Transaction.swift */ = {isa = PBXFileReference; lastKnownFileType = sourcecode.swift; path = Transaction.swift; sourceTree = "<group>"; };
/* End PBXFileReference section */

/* Begin PBXFrameworksBuildPhase section */
		28257F64295DC3AF008A886B /* Frameworks */ = {
			isa = PBXFrameworksBuildPhase;
			buildActionMask = 2147483647;
			files = (
				28C17E2D29DDADF3006162F9 /* BackbaseMDS.xcframework in Frameworks */,
				2817D60529C4C54C001D8307 /* BackbaseNetworking.xcframework in Frameworks */,
			);
			runOnlyForDeploymentPostprocessing = 0;
		};
		28257F7A295DC3B0008A886B /* Frameworks */ = {
			isa = PBXFrameworksBuildPhase;
			buildActionMask = 2147483647;
			files = (
			);
			runOnlyForDeploymentPostprocessing = 0;
		};
		28257F84295DC3B0008A886B /* Frameworks */ = {
			isa = PBXFrameworksBuildPhase;
			buildActionMask = 2147483647;
			files = (
			);
			runOnlyForDeploymentPostprocessing = 0;
		};
/* End PBXFrameworksBuildPhase section */

/* Begin PBXGroup section */
		28257F5E295DC3AF008A886B = {
			isa = PBXGroup;
			children = (
				28ED80B5295DDDE300AB525C /* README.md */,
				28257F69295DC3AF008A886B /* Transactions */,
				28257F80295DC3B0008A886B /* TransactionsTests */,
				28257F8A295DC3B0008A886B /* TransactionsUITests */,
				28257F68295DC3AF008A886B /* Products */,
				28257F9A295DC5F6008A886B /* Frameworks */,
			);
			sourceTree = "<group>";
		};
		28257F68295DC3AF008A886B /* Products */ = {
			isa = PBXGroup;
			children = (
				28257F67295DC3AF008A886B /* Transactions.app */,
				28257F7D295DC3B0008A886B /* TransactionsTests.xctest */,
				28257F87295DC3B0008A886B /* TransactionsUITests.xctest */,
			);
			name = Products;
			sourceTree = "<group>";
		};
		28257F69295DC3AF008A886B /* Transactions */ = {
			isa = PBXGroup;
			children = (
				28257F6A295DC3AF008A886B /* AppDelegate.swift */,
				28257F6C295DC3AF008A886B /* SceneDelegate.swift */,
				28257F6E295DC3AF008A886B /* TransactionsListViewController.swift */,
				28257F70295DC3AF008A886B /* Main.storyboard */,
				28257F73295DC3B0008A886B /* Assets.xcassets */,
				28257F75295DC3B0008A886B /* LaunchScreen.storyboard */,
				28257F78295DC3B0008A886B /* Info.plist */,
				CDC7AF252CBD61780022C4A4 /* TransactionCell.swift */,
				CDC7AF292CBD947A0022C4A4 /* Transaction.swift */,
				CD88E0DD2CC0E5C0001261FE /* TransactionsTableSectionHeaderView.swift */,
				CD88E0DF2CC0E613001261FE /* TransactionsListViewModel.swift */,
				CD88E0E12CC0E65B001261FE /* TransactionCellViewModel.swift */,
			);
			path = Transactions;
			sourceTree = "<group>";
		};
		28257F80295DC3B0008A886B /* TransactionsTests */ = {
			isa = PBXGroup;
			children = (
				28257F81295DC3B0008A886B /* TransactionsTests.swift */,
			);
			path = TransactionsTests;
			sourceTree = "<group>";
		};
		28257F8A295DC3B0008A886B /* TransactionsUITests */ = {
			isa = PBXGroup;
			children = (
				28257F8B295DC3B0008A886B /* TransactionsUITests.swift */,
				28257F8D295DC3B0008A886B /* TransactionsUITestsLaunchTests.swift */,
			);
			path = TransactionsUITests;
			sourceTree = "<group>";
		};
		28257F9A295DC5F6008A886B /* Frameworks */ = {
			isa = PBXGroup;
			children = (
				28C17E2C29DDADF2006162F9 /* BackbaseMDS.xcframework */,
				2817D60429C4C54C001D8307 /* BackbaseNetworking.xcframework */,
			);
			name = Frameworks;
			sourceTree = "<group>";
		};
/* End PBXGroup section */

/* Begin PBXNativeTarget section */
		28257F66295DC3AF008A886B /* Transactions */ = {
			isa = PBXNativeTarget;
			buildConfigurationList = 28257F91295DC3B0008A886B /* Build configuration list for PBXNativeTarget "Transactions" */;
			buildPhases = (
				28257F63295DC3AF008A886B /* Sources */,
				28257F64295DC3AF008A886B /* Frameworks */,
				28257F65295DC3AF008A886B /* Resources */,
				2817D5F529BB43CC001D8307 /* Embed Frameworks */,
			);
			buildRules = (
			);
			dependencies = (
			);
			name = Transactions;
			productName = Transactions;
			productReference = 28257F67295DC3AF008A886B /* Transactions.app */;
			productType = "com.apple.product-type.application";
		};
		28257F7C295DC3B0008A886B /* TransactionsTests */ = {
			isa = PBXNativeTarget;
			buildConfigurationList = 28257F94295DC3B0008A886B /* Build configuration list for PBXNativeTarget "TransactionsTests" */;
			buildPhases = (
				28257F79295DC3B0008A886B /* Sources */,
				28257F7A295DC3B0008A886B /* Frameworks */,
				28257F7B295DC3B0008A886B /* Resources */,
			);
			buildRules = (
			);
			dependencies = (
				28257F7F295DC3B0008A886B /* PBXTargetDependency */,
			);
			name = TransactionsTests;
			productName = TransactionsTests;
			productReference = 28257F7D295DC3B0008A886B /* TransactionsTests.xctest */;
			productType = "com.apple.product-type.bundle.unit-test";
		};
		28257F86295DC3B0008A886B /* TransactionsUITests */ = {
			isa = PBXNativeTarget;
			buildConfigurationList = 28257F97295DC3B0008A886B /* Build configuration list for PBXNativeTarget "TransactionsUITests" */;
			buildPhases = (
				28257F83295DC3B0008A886B /* Sources */,
				28257F84295DC3B0008A886B /* Frameworks */,
				28257F85295DC3B0008A886B /* Resources */,
			);
			buildRules = (
			);
			dependencies = (
				28257F89295DC3B0008A886B /* PBXTargetDependency */,
			);
			name = TransactionsUITests;
			productName = TransactionsUITests;
			productReference = 28257F87295DC3B0008A886B /* TransactionsUITests.xctest */;
			productType = "com.apple.product-type.bundle.ui-testing";
		};
/* End PBXNativeTarget section */

/* Begin PBXProject section */
		28257F5F295DC3AF008A886B /* Project object */ = {
			isa = PBXProject;
			attributes = {
				BuildIndependentTargetsInParallel = 1;
				LastSwiftUpdateCheck = 1420;
				LastUpgradeCheck = 1420;
				TargetAttributes = {
					28257F66295DC3AF008A886B = {
						CreatedOnToolsVersion = 14.2;
					};
					28257F7C295DC3B0008A886B = {
						CreatedOnToolsVersion = 14.2;
						TestTargetID = 28257F66295DC3AF008A886B;
					};
					28257F86295DC3B0008A886B = {
						CreatedOnToolsVersion = 14.2;
						TestTargetID = 28257F66295DC3AF008A886B;
					};
				};
			};
			buildConfigurationList = 28257F62295DC3AF008A886B /* Build configuration list for PBXProject "Transactions" */;
			compatibilityVersion = "Xcode 14.0";
			developmentRegion = en;
			hasScannedForEncodings = 0;
			knownRegions = (
				en,
				Base,
			);
			mainGroup = 28257F5E295DC3AF008A886B;
			productRefGroup = 28257F68295DC3AF008A886B /* Products */;
			projectDirPath = "";
			projectRoot = "";
			targets = (
				28257F66295DC3AF008A886B /* Transactions */,
				28257F7C295DC3B0008A886B /* TransactionsTests */,
				28257F86295DC3B0008A886B /* TransactionsUITests */,
			);
		};
/* End PBXProject section */

/* Begin PBXResourcesBuildPhase section */
		28257F65295DC3AF008A886B /* Resources */ = {
			isa = PBXResourcesBuildPhase;
			buildActionMask = 2147483647;
			files = (
				28257F77295DC3B0008A886B /* LaunchScreen.storyboard in Resources */,
				28257F74295DC3B0008A886B /* Assets.xcassets in Resources */,
				28ED80B6295DDDE300AB525C /* README.md in Resources */,
				28257F72295DC3AF008A886B /* Main.storyboard in Resources */,
			);
			runOnlyForDeploymentPostprocessing = 0;
		};
		28257F7B295DC3B0008A886B /* Resources */ = {
			isa = PBXResourcesBuildPhase;
			buildActionMask = 2147483647;
			files = (
			);
			runOnlyForDeploymentPostprocessing = 0;
		};
		28257F85295DC3B0008A886B /* Resources */ = {
			isa = PBXResourcesBuildPhase;
			buildActionMask = 2147483647;
			files = (
			);
			runOnlyForDeploymentPostprocessing = 0;
		};
/* End PBXResourcesBuildPhase section */

/* Begin PBXSourcesBuildPhase section */
		28257F63295DC3AF008A886B /* Sources */ = {
			isa = PBXSourcesBuildPhase;
			buildActionMask = 2147483647;
			files = (
				28257F6F295DC3AF008A886B /* TransactionsListViewController.swift in Sources */,
				CD88E0E02CC0E613001261FE /* TransactionsListViewModel.swift in Sources */,
				28257F6B295DC3AF008A886B /* AppDelegate.swift in Sources */,
				CD88E0E22CC0E65B001261FE /* TransactionCellViewModel.swift in Sources */,
				CDC7AF262CBD61780022C4A4 /* TransactionCell.swift in Sources */,
				CD88E0DE2CC0E5C0001261FE /* TransactionsTableSectionHeaderView.swift in Sources */,
				28257F6D295DC3AF008A886B /* SceneDelegate.swift in Sources */,
				CDC7AF2A2CBD947A0022C4A4 /* Transaction.swift in Sources */,
			);
			runOnlyForDeploymentPostprocessing = 0;
		};
		28257F79295DC3B0008A886B /* Sources */ = {
			isa = PBXSourcesBuildPhase;
			buildActionMask = 2147483647;
			files = (
				28257F82295DC3B0008A886B /* TransactionsTests.swift in Sources */,
			);
			runOnlyForDeploymentPostprocessing = 0;
		};
		28257F83295DC3B0008A886B /* Sources */ = {
			isa = PBXSourcesBuildPhase;
			buildActionMask = 2147483647;
			files = (
				28257F8C295DC3B0008A886B /* TransactionsUITests.swift in Sources */,
				28257F8E295DC3B0008A886B /* TransactionsUITestsLaunchTests.swift in Sources */,
			);
			runOnlyForDeploymentPostprocessing = 0;
		};
/* End PBXSourcesBuildPhase section */

/* Begin PBXTargetDependency section */
		28257F7F295DC3B0008A886B /* PBXTargetDependency */ = {
			isa = PBXTargetDependency;
			target = 28257F66295DC3AF008A886B /* Transactions */;
			targetProxy = 28257F7E295DC3B0008A886B /* PBXContainerItemProxy */;
		};
		28257F89295DC3B0008A886B /* PBXTargetDependency */ = {
			isa = PBXTargetDependency;
			target = 28257F66295DC3AF008A886B /* Transactions */;
			targetProxy = 28257F88295DC3B0008A886B /* PBXContainerItemProxy */;
		};
/* End PBXTargetDependency section */

/* Begin PBXVariantGroup section */
		28257F70295DC3AF008A886B /* Main.storyboard */ = {
			isa = PBXVariantGroup;
			children = (
				28257F71295DC3AF008A886B /* Base */,
			);
			name = Main.storyboard;
			sourceTree = "<group>";
		};
		28257F75295DC3B0008A886B /* LaunchScreen.storyboard */ = {
			isa = PBXVariantGroup;
			children = (
				28257F76295DC3B0008A886B /* Base */,
			);
			name = LaunchScreen.storyboard;
			sourceTree = "<group>";
		};
/* End PBXVariantGroup section */

/* Begin XCBuildConfiguration section */
		28257F8F295DC3B0008A886B /* Debug */ = {
			isa = XCBuildConfiguration;
			buildSettings = {
				ALWAYS_SEARCH_USER_PATHS = NO;
				CLANG_ANALYZER_NONNULL = YES;
				CLANG_ANALYZER_NUMBER_OBJECT_CONVERSION = YES_AGGRESSIVE;
				CLANG_CXX_LANGUAGE_STANDARD = "gnu++20";
				CLANG_ENABLE_MODULES = YES;
				CLANG_ENABLE_OBJC_ARC = YES;
				CLANG_ENABLE_OBJC_WEAK = YES;
				CLANG_WARN_BLOCK_CAPTURE_AUTORELEASING = YES;
				CLANG_WARN_BOOL_CONVERSION = YES;
				CLANG_WARN_COMMA = YES;
				CLANG_WARN_CONSTANT_CONVERSION = YES;
				CLANG_WARN_DEPRECATED_OBJC_IMPLEMENTATIONS = YES;
				CLANG_WARN_DIRECT_OBJC_ISA_USAGE = YES_ERROR;
				CLANG_WARN_DOCUMENTATION_COMMENTS = YES;
				CLANG_WARN_EMPTY_BODY = YES;
				CLANG_WARN_ENUM_CONVERSION = YES;
				CLANG_WARN_INFINITE_RECURSION = YES;
				CLANG_WARN_INT_CONVERSION = YES;
				CLANG_WARN_NON_LITERAL_NULL_CONVERSION = YES;
				CLANG_WARN_OBJC_IMPLICIT_RETAIN_SELF = YES;
				CLANG_WARN_OBJC_LITERAL_CONVERSION = YES;
				CLANG_WARN_OBJC_ROOT_CLASS = YES_ERROR;
				CLANG_WARN_QUOTED_INCLUDE_IN_FRAMEWORK_HEADER = YES;
				CLANG_WARN_RANGE_LOOP_ANALYSIS = YES;
				CLANG_WARN_STRICT_PROTOTYPES = YES;
				CLANG_WARN_SUSPICIOUS_MOVE = YES;
				CLANG_WARN_UNGUARDED_AVAILABILITY = YES_AGGRESSIVE;
				CLANG_WARN_UNREACHABLE_CODE = YES;
				CLANG_WARN__DUPLICATE_METHOD_MATCH = YES;
				COPY_PHASE_STRIP = NO;
				DEBUG_INFORMATION_FORMAT = dwarf;
				ENABLE_STRICT_OBJC_MSGSEND = YES;
				ENABLE_TESTABILITY = YES;
				GCC_C_LANGUAGE_STANDARD = gnu11;
				GCC_DYNAMIC_NO_PIC = NO;
				GCC_NO_COMMON_BLOCKS = YES;
				GCC_OPTIMIZATION_LEVEL = 0;
				GCC_PREPROCESSOR_DEFINITIONS = (
					"DEBUG=1",
					"$(inherited)",
				);
				GCC_WARN_64_TO_32_BIT_CONVERSION = YES;
				GCC_WARN_ABOUT_RETURN_TYPE = YES_ERROR;
				GCC_WARN_UNDECLARED_SELECTOR = YES;
				GCC_WARN_UNINITIALIZED_AUTOS = YES_AGGRESSIVE;
				GCC_WARN_UNUSED_FUNCTION = YES;
				GCC_WARN_UNUSED_VARIABLE = YES;
				IPHONEOS_DEPLOYMENT_TARGET = 16.2;
				MTL_ENABLE_DEBUG_INFO = INCLUDE_SOURCE;
				MTL_FAST_MATH = YES;
				ONLY_ACTIVE_ARCH = YES;
				SDKROOT = iphoneos;
				SWIFT_ACTIVE_COMPILATION_CONDITIONS = DEBUG;
				SWIFT_OPTIMIZATION_LEVEL = "-Onone";
			};
			name = Debug;
		};
		28257F90295DC3B0008A886B /* Release */ = {
			isa = XCBuildConfiguration;
			buildSettings = {
				ALWAYS_SEARCH_USER_PATHS = NO;
				CLANG_ANALYZER_NONNULL = YES;
				CLANG_ANALYZER_NUMBER_OBJECT_CONVERSION = YES_AGGRESSIVE;
				CLANG_CXX_LANGUAGE_STANDARD = "gnu++20";
				CLANG_ENABLE_MODULES = YES;
				CLANG_ENABLE_OBJC_ARC = YES;
				CLANG_ENABLE_OBJC_WEAK = YES;
				CLANG_WARN_BLOCK_CAPTURE_AUTORELEASING = YES;
				CLANG_WARN_BOOL_CONVERSION = YES;
				CLANG_WARN_COMMA = YES;
				CLANG_WARN_CONSTANT_CONVERSION = YES;
				CLANG_WARN_DEPRECATED_OBJC_IMPLEMENTATIONS = YES;
				CLANG_WARN_DIRECT_OBJC_ISA_USAGE = YES_ERROR;
				CLANG_WARN_DOCUMENTATION_COMMENTS = YES;
				CLANG_WARN_EMPTY_BODY = YES;
				CLANG_WARN_ENUM_CONVERSION = YES;
				CLANG_WARN_INFINITE_RECURSION = YES;
				CLANG_WARN_INT_CONVERSION = YES;
				CLANG_WARN_NON_LITERAL_NULL_CONVERSION = YES;
				CLANG_WARN_OBJC_IMPLICIT_RETAIN_SELF = YES;
				CLANG_WARN_OBJC_LITERAL_CONVERSION = YES;
				CLANG_WARN_OBJC_ROOT_CLASS = YES_ERROR;
				CLANG_WARN_QUOTED_INCLUDE_IN_FRAMEWORK_HEADER = YES;
				CLANG_WARN_RANGE_LOOP_ANALYSIS = YES;
				CLANG_WARN_STRICT_PROTOTYPES = YES;
				CLANG_WARN_SUSPICIOUS_MOVE = YES;
				CLANG_WARN_UNGUARDED_AVAILABILITY = YES_AGGRESSIVE;
				CLANG_WARN_UNREACHABLE_CODE = YES;
				CLANG_WARN__DUPLICATE_METHOD_MATCH = YES;
				COPY_PHASE_STRIP = NO;
				DEBUG_INFORMATION_FORMAT = "dwarf-with-dsym";
				ENABLE_NS_ASSERTIONS = NO;
				ENABLE_STRICT_OBJC_MSGSEND = YES;
				GCC_C_LANGUAGE_STANDARD = gnu11;
				GCC_NO_COMMON_BLOCKS = YES;
				GCC_WARN_64_TO_32_BIT_CONVERSION = YES;
				GCC_WARN_ABOUT_RETURN_TYPE = YES_ERROR;
				GCC_WARN_UNDECLARED_SELECTOR = YES;
				GCC_WARN_UNINITIALIZED_AUTOS = YES_AGGRESSIVE;
				GCC_WARN_UNUSED_FUNCTION = YES;
				GCC_WARN_UNUSED_VARIABLE = YES;
				IPHONEOS_DEPLOYMENT_TARGET = 16.2;
				MTL_ENABLE_DEBUG_INFO = NO;
				MTL_FAST_MATH = YES;
				SDKROOT = iphoneos;
				SWIFT_COMPILATION_MODE = wholemodule;
				SWIFT_OPTIMIZATION_LEVEL = "-O";
				VALIDATE_PRODUCT = YES;
			};
			name = Release;
		};
		28257F92295DC3B0008A886B /* Debug */ = {
			isa = XCBuildConfiguration;
			buildSettings = {
				ASSETCATALOG_COMPILER_APPICON_NAME = AppIcon;
				ASSETCATALOG_COMPILER_GLOBAL_ACCENT_COLOR_NAME = AccentColor;
				CODE_SIGN_STYLE = Automatic;
				CURRENT_PROJECT_VERSION = 1;
				GENERATE_INFOPLIST_FILE = YES;
				INFOPLIST_FILE = Transactions/Info.plist;
				INFOPLIST_KEY_UIApplicationSupportsIndirectInputEvents = YES;
				INFOPLIST_KEY_UILaunchStoryboardName = LaunchScreen.storyboard;
				INFOPLIST_KEY_UIMainStoryboardFile = Main;
				INFOPLIST_KEY_UISupportedInterfaceOrientations_iPad = "UIInterfaceOrientationPortrait UIInterfaceOrientationPortraitUpsideDown UIInterfaceOrientationLandscapeLeft UIInterfaceOrientationLandscapeRight";
				INFOPLIST_KEY_UISupportedInterfaceOrientations_iPhone = "UIInterfaceOrientationPortrait UIInterfaceOrientationLandscapeLeft UIInterfaceOrientationLandscapeRight";
				IPHONEOS_DEPLOYMENT_TARGET = 15.0;
				LD_RUNPATH_SEARCH_PATHS = (
					"$(inherited)",
					"@executable_path/Frameworks",
				);
				MARKETING_VERSION = 1.0;
				PRODUCT_BUNDLE_IDENTIFIER = com.backbase.homeAssignment.Transactions;
				PRODUCT_NAME = "$(TARGET_NAME)";
				SWIFT_EMIT_LOC_STRINGS = YES;
				SWIFT_VERSION = 5.0;
				TARGETED_DEVICE_FAMILY = "1,2";
			};
			name = Debug;
		};
		28257F93295DC3B0008A886B /* Release */ = {
			isa = XCBuildConfiguration;
			buildSettings = {
				ASSETCATALOG_COMPILER_APPICON_NAME = AppIcon;
				ASSETCATALOG_COMPILER_GLOBAL_ACCENT_COLOR_NAME = AccentColor;
				CODE_SIGN_STYLE = Automatic;
				CURRENT_PROJECT_VERSION = 1;
				GENERATE_INFOPLIST_FILE = YES;
				INFOPLIST_FILE = Transactions/Info.plist;
				INFOPLIST_KEY_UIApplicationSupportsIndirectInputEvents = YES;
				INFOPLIST_KEY_UILaunchStoryboardName = LaunchScreen.storyboard;
				INFOPLIST_KEY_UIMainStoryboardFile = Main;
				INFOPLIST_KEY_UISupportedInterfaceOrientations_iPad = "UIInterfaceOrientationPortrait UIInterfaceOrientationPortraitUpsideDown UIInterfaceOrientationLandscapeLeft UIInterfaceOrientationLandscapeRight";
				INFOPLIST_KEY_UISupportedInterfaceOrientations_iPhone = "UIInterfaceOrientationPortrait UIInterfaceOrientationLandscapeLeft UIInterfaceOrientationLandscapeRight";
				IPHONEOS_DEPLOYMENT_TARGET = 15.0;
				LD_RUNPATH_SEARCH_PATHS = (
					"$(inherited)",
					"@executable_path/Frameworks",
				);
				MARKETING_VERSION = 1.0;
				PRODUCT_BUNDLE_IDENTIFIER = com.backbase.homeAssignment.Transactions;
				PRODUCT_NAME = "$(TARGET_NAME)";
				SWIFT_EMIT_LOC_STRINGS = YES;
				SWIFT_VERSION = 5.0;
				TARGETED_DEVICE_FAMILY = "1,2";
			};
			name = Release;
		};
		28257F95295DC3B0008A886B /* Debug */ = {
			isa = XCBuildConfiguration;
			buildSettings = {
				ALWAYS_EMBED_SWIFT_STANDARD_LIBRARIES = YES;
				BUNDLE_LOADER = "$(TEST_HOST)";
				CODE_SIGN_STYLE = Automatic;
				CURRENT_PROJECT_VERSION = 1;
				GENERATE_INFOPLIST_FILE = YES;
				IPHONEOS_DEPLOYMENT_TARGET = 16.2;
				MARKETING_VERSION = 1.0;
				PRODUCT_BUNDLE_IDENTIFIER = com.backbase.homeAssignment.TransactionsTests;
				PRODUCT_NAME = "$(TARGET_NAME)";
				SWIFT_EMIT_LOC_STRINGS = NO;
				SWIFT_VERSION = 5.0;
				TARGETED_DEVICE_FAMILY = "1,2";
				TEST_HOST = "$(BUILT_PRODUCTS_DIR)/Transactions.app/$(BUNDLE_EXECUTABLE_FOLDER_PATH)/Transactions";
			};
			name = Debug;
		};
		28257F96295DC3B0008A886B /* Release */ = {
			isa = XCBuildConfiguration;
			buildSettings = {
				ALWAYS_EMBED_SWIFT_STANDARD_LIBRARIES = YES;
				BUNDLE_LOADER = "$(TEST_HOST)";
				CODE_SIGN_STYLE = Automatic;
				CURRENT_PROJECT_VERSION = 1;
				GENERATE_INFOPLIST_FILE = YES;
				IPHONEOS_DEPLOYMENT_TARGET = 16.2;
				MARKETING_VERSION = 1.0;
				PRODUCT_BUNDLE_IDENTIFIER = com.backbase.homeAssignment.TransactionsTests;
				PRODUCT_NAME = "$(TARGET_NAME)";
				SWIFT_EMIT_LOC_STRINGS = NO;
				SWIFT_VERSION = 5.0;
				TARGETED_DEVICE_FAMILY = "1,2";
				TEST_HOST = "$(BUILT_PRODUCTS_DIR)/Transactions.app/$(BUNDLE_EXECUTABLE_FOLDER_PATH)/Transactions";
			};
			name = Release;
		};
		28257F98295DC3B0008A886B /* Debug */ = {
			isa = XCBuildConfiguration;
			buildSettings = {
				ALWAYS_EMBED_SWIFT_STANDARD_LIBRARIES = YES;
				CODE_SIGN_STYLE = Automatic;
				CURRENT_PROJECT_VERSION = 1;
				GENERATE_INFOPLIST_FILE = YES;
				MARKETING_VERSION = 1.0;
				PRODUCT_BUNDLE_IDENTIFIER = com.backbase.homeAssignment.TransactionsUITests;
				PRODUCT_NAME = "$(TARGET_NAME)";
				SWIFT_EMIT_LOC_STRINGS = NO;
				SWIFT_VERSION = 5.0;
				TARGETED_DEVICE_FAMILY = "1,2";
				TEST_TARGET_NAME = Transactions;
			};
			name = Debug;
		};
		28257F99295DC3B0008A886B /* Release */ = {
			isa = XCBuildConfiguration;
			buildSettings = {
				ALWAYS_EMBED_SWIFT_STANDARD_LIBRARIES = YES;
				CODE_SIGN_STYLE = Automatic;
				CURRENT_PROJECT_VERSION = 1;
				GENERATE_INFOPLIST_FILE = YES;
				MARKETING_VERSION = 1.0;
				PRODUCT_BUNDLE_IDENTIFIER = com.backbase.homeAssignment.TransactionsUITests;
				PRODUCT_NAME = "$(TARGET_NAME)";
				SWIFT_EMIT_LOC_STRINGS = NO;
				SWIFT_VERSION = 5.0;
				TARGETED_DEVICE_FAMILY = "1,2";
				TEST_TARGET_NAME = Transactions;
			};
			name = Release;
		};
/* End XCBuildConfiguration section */

/* Begin XCConfigurationList section */
		28257F62295DC3AF008A886B /* Build configuration list for PBXProject "Transactions" */ = {
			isa = XCConfigurationList;
			buildConfigurations = (
				28257F8F295DC3B0008A886B /* Debug */,
				28257F90295DC3B0008A886B /* Release */,
			);
			defaultConfigurationIsVisible = 0;
			defaultConfigurationName = Release;
		};
		28257F91295DC3B0008A886B /* Build configuration list for PBXNativeTarget "Transactions" */ = {
			isa = XCConfigurationList;
			buildConfigurations = (
				28257F92295DC3B0008A886B /* Debug */,
				28257F93295DC3B0008A886B /* Release */,
			);
			defaultConfigurationIsVisible = 0;
			defaultConfigurationName = Release;
		};
		28257F94295DC3B0008A886B /* Build configuration list for PBXNativeTarget "TransactionsTests" */ = {
			isa = XCConfigurationList;
			buildConfigurations = (
				28257F95295DC3B0008A886B /* Debug */,
				28257F96295DC3B0008A886B /* Release */,
			);
			defaultConfigurationIsVisible = 0;
			defaultConfigurationName = Release;
		};
		28257F97295DC3B0008A886B /* Build configuration list for PBXNativeTarget "TransactionsUITests" */ = {
			isa = XCConfigurationList;
			buildConfigurations = (
				28257F98295DC3B0008A886B /* Debug */,
				28257F99295DC3B0008A886B /* Release */,
			);
			defaultConfigurationIsVisible = 0;
			defaultConfigurationName = Release;
		};
/* End XCConfigurationList section */
	};
	rootObject = 28257F5F295DC3AF008A886B /* Project object */;
}
